# This file is automatically @generated by Poetry 1.5.1 and should not be changed by hand.

[[package]]
name = "tinydb"
version = "4.8.0"
description = "TinyDB is a tiny, document oriented database optimized for your happiness :)"
optional = false
python-versions = ">=3.7,<4.0"
files = [
    {file = "tinydb-4.8.0-py3-none-any.whl", hash = "sha256:30c06d12383d7c332e404ca6a6103fb2b32cbf25712689648c39d9a6bd34bd3d"},
    {file = "tinydb-4.8.0.tar.gz", hash = "sha256:6dd686a9c5a75dfa9280088fd79a419aefe19cd7f4bd85eba203540ef856d564"},
]

[metadata]
lock-version = "2.0"
python-versions = "^3.11"
content-hash = "0132ffa30d6cc3a37d0ec952699de5fe39e79b7b8a492235a60f8c51bc3a40d1"
